
Microsoft Visual Studio Solution File, Format Version 12.00
# Visual Studio 15
VisualStudioVersion = 15.0.26124.0
MinimumVisualStudioVersion = 15.0.26124.0
Project("{FAE04EC0-301F-11D3-BF4B-00C04F79EFBC}") = "BDInfo", "BDInfo\BDInfo.csproj", "{9EF85BD5-428A-4A70-AC00-2CA7F7FFAF90}"
EndProject
Project("{FAE04EC0-301F-11D3-BF4B-00C04F79EFBC}") = "DvdLib", "DvdLib\DvdLib.csproj", "{78F518F2-79C9-4138-A4EE-F381604D6B28}"
EndProject
Project("{FAE04EC0-301F-11D3-BF4B-00C04F79EFBC}") = "Emby.Dlna", "Emby.Dlna\Emby.Dlna.csproj", "{EA875920-4A02-489D-8964-B31C92809DE4}"
EndProject
Project("{FAE04EC0-301F-11D3-BF4B-00C04F79EFBC}") = "Emby.Drawing", "Emby.Drawing\Emby.Drawing.csproj", "{38262643-FF6B-4D4F-95A4-92DC8DD23B38}"
EndProject
Project("{FAE04EC0-301F-11D3-BF4B-00C04F79EFBC}") = "Emby.Drawing.ImageMagick", "Emby.Drawing.ImageMagick\Emby.Drawing.ImageMagick.csproj", "{17312819-2435-4F65-B1CA-38ADCFAD8B35}"
EndProject
Project("{FAE04EC0-301F-11D3-BF4B-00C04F79EFBC}") = "Emby.Drawing.Skia", "Emby.Drawing.Skia\Emby.Drawing.Skia.csproj", "{693B7F7D-C959-4169-BD00-52CA5841786A}"
EndProject
Project("{FAE04EC0-301F-11D3-BF4B-00C04F79EFBC}") = "Emby.Notifications", "Emby.Notifications\Emby.Notifications.csproj", "{CB2227BD-C325-49DC-A6BB-4C67011D0669}"
EndProject
Project("{FAE04EC0-301F-11D3-BF4B-00C04F79EFBC}") = "Emby.Photos", "Emby.Photos\Emby.Photos.csproj", "{24D737AF-9C68-4607-AF95-0844B751D4F1}"
EndProject
Project("{FAE04EC0-301F-11D3-BF4B-00C04F79EFBC}") = "Emby.Server.Implementations", "Emby.Server.Implementations\Emby.Server.Implementations.csproj", "{ACDEFE4D-166A-424E-9F88-7307CD0E5A20}"
EndProject
Project("{FAE04EC0-301F-11D3-BF4B-00C04F79EFBC}") = "Emby.Server.Unix", "Emby.Server.Unix\Emby.Server.Unix.csproj", "{10FC317A-6E95-417F-9FF1-8F340D97A1AC}"
EndProject
Project("{FAE04EC0-301F-11D3-BF4B-00C04F79EFBC}") = "MediaBrowser.Api", "MediaBrowser.Api\MediaBrowser.Api.csproj", "{440581F9-A6BE-4342-A8AC-25F692DBC840}"
EndProject
Project("{FAE04EC0-301F-11D3-BF4B-00C04F79EFBC}") = "MediaBrowser.LocalMetadata", "MediaBrowser.LocalMetadata\MediaBrowser.LocalMetadata.csproj", "{B8B0F4D6-07A7-4B83-BA96-C9B1FB0A4340}"
EndProject
Project("{FAE04EC0-301F-11D3-BF4B-00C04F79EFBC}") = "MediaBrowser.Providers", "MediaBrowser.Providers\MediaBrowser.Providers.csproj", "{DE9B01A9-4D15-4227-A879-79CCC84AFD44}"
EndProject
Project("{FAE04EC0-301F-11D3-BF4B-00C04F79EFBC}") = "MediaBrowser.WebDashboard", "MediaBrowser.WebDashboard\MediaBrowser.WebDashboard.csproj", "{BB474F00-F924-4B8E-9EED-D3A4C5CCB990}"
EndProject
Project("{FAE04EC0-301F-11D3-BF4B-00C04F79EFBC}") = "MediaBrowser.XbmcMetadata", "MediaBrowser.XbmcMetadata\MediaBrowser.XbmcMetadata.csproj", "{A91FCDED-A3F6-4038-A2A1-E25CBE28A60C}"
EndProject
Project("{FAE04EC0-301F-11D3-BF4B-00C04F79EFBC}") = "Mono.Nat", "Mono.Nat\Mono.Nat.csproj", "{40ED7335-AA58-4D71-AB29-68E03B9BB677}"
EndProject
Project("{FAE04EC0-301F-11D3-BF4B-00C04F79EFBC}") = "RSSDP", "RSSDP\RSSDP.csproj", "{214528A8-7CB9-47B7-A65E-54CD4BD4DCCD}"
EndProject
Project("{FAE04EC0-301F-11D3-BF4B-00C04F79EFBC}") = "SocketHttpListener", "SocketHttpListener\SocketHttpListener.csproj", "{7E1965F5-AD44-48C0-A62D-CBB8515D7895}"
EndProject
Global
	GlobalSection(SolutionConfigurationPlatforms) = preSolution
		Debug|Any CPU = Debug|Any CPU
		Debug|x64 = Debug|x64
		Debug|x86 = Debug|x86
		Release|Any CPU = Release|Any CPU
		Release|x64 = Release|x64
		Release|x86 = Release|x86
	EndGlobalSection
	GlobalSection(SolutionProperties) = preSolution
		HideSolutionNode = FALSE
	EndGlobalSection
	GlobalSection(ProjectConfigurationPlatforms) = postSolution
		{9EF85BD5-428A-4A70-AC00-2CA7F7FFAF90}.Debug|Any CPU.ActiveCfg = Debug|Any CPU
		{9EF85BD5-428A-4A70-AC00-2CA7F7FFAF90}.Debug|Any CPU.Build.0 = Debug|Any CPU
		{9EF85BD5-428A-4A70-AC00-2CA7F7FFAF90}.Debug|x64.ActiveCfg = Debug|x64
		{9EF85BD5-428A-4A70-AC00-2CA7F7FFAF90}.Debug|x64.Build.0 = Debug|x64
		{9EF85BD5-428A-4A70-AC00-2CA7F7FFAF90}.Debug|x86.ActiveCfg = Debug|x86
		{9EF85BD5-428A-4A70-AC00-2CA7F7FFAF90}.Debug|x86.Build.0 = Debug|x86
		{9EF85BD5-428A-4A70-AC00-2CA7F7FFAF90}.Release|Any CPU.ActiveCfg = Release|Any CPU
		{9EF85BD5-428A-4A70-AC00-2CA7F7FFAF90}.Release|Any CPU.Build.0 = Release|Any CPU
		{9EF85BD5-428A-4A70-AC00-2CA7F7FFAF90}.Release|x64.ActiveCfg = Release|x64
		{9EF85BD5-428A-4A70-AC00-2CA7F7FFAF90}.Release|x64.Build.0 = Release|x64
		{9EF85BD5-428A-4A70-AC00-2CA7F7FFAF90}.Release|x86.ActiveCfg = Release|x86
		{9EF85BD5-428A-4A70-AC00-2CA7F7FFAF90}.Release|x86.Build.0 = Release|x86
		{78F518F2-79C9-4138-A4EE-F381604D6B28}.Debug|Any CPU.ActiveCfg = Debug|Any CPU
		{78F518F2-79C9-4138-A4EE-F381604D6B28}.Debug|Any CPU.Build.0 = Debug|Any CPU
		{78F518F2-79C9-4138-A4EE-F381604D6B28}.Debug|x64.ActiveCfg = Debug|x64
		{78F518F2-79C9-4138-A4EE-F381604D6B28}.Debug|x64.Build.0 = Debug|x64
		{78F518F2-79C9-4138-A4EE-F381604D6B28}.Debug|x86.ActiveCfg = Debug|x86
		{78F518F2-79C9-4138-A4EE-F381604D6B28}.Debug|x86.Build.0 = Debug|x86
		{78F518F2-79C9-4138-A4EE-F381604D6B28}.Release|Any CPU.ActiveCfg = Release|Any CPU
		{78F518F2-79C9-4138-A4EE-F381604D6B28}.Release|Any CPU.Build.0 = Release|Any CPU
		{78F518F2-79C9-4138-A4EE-F381604D6B28}.Release|x64.ActiveCfg = Release|x64
		{78F518F2-79C9-4138-A4EE-F381604D6B28}.Release|x64.Build.0 = Release|x64
		{78F518F2-79C9-4138-A4EE-F381604D6B28}.Release|x86.ActiveCfg = Release|x86
		{78F518F2-79C9-4138-A4EE-F381604D6B28}.Release|x86.Build.0 = Release|x86
		{EA875920-4A02-489D-8964-B31C92809DE4}.Debug|Any CPU.ActiveCfg = Debug|Any CPU
		{EA875920-4A02-489D-8964-B31C92809DE4}.Debug|Any CPU.Build.0 = Debug|Any CPU
		{EA875920-4A02-489D-8964-B31C92809DE4}.Debug|x64.ActiveCfg = Debug|x64
		{EA875920-4A02-489D-8964-B31C92809DE4}.Debug|x64.Build.0 = Debug|x64
		{EA875920-4A02-489D-8964-B31C92809DE4}.Debug|x86.ActiveCfg = Debug|x86
		{EA875920-4A02-489D-8964-B31C92809DE4}.Debug|x86.Build.0 = Debug|x86
		{EA875920-4A02-489D-8964-B31C92809DE4}.Release|Any CPU.ActiveCfg = Release|Any CPU
		{EA875920-4A02-489D-8964-B31C92809DE4}.Release|Any CPU.Build.0 = Release|Any CPU
		{EA875920-4A02-489D-8964-B31C92809DE4}.Release|x64.ActiveCfg = Release|x64
		{EA875920-4A02-489D-8964-B31C92809DE4}.Release|x64.Build.0 = Release|x64
		{EA875920-4A02-489D-8964-B31C92809DE4}.Release|x86.ActiveCfg = Release|x86
		{EA875920-4A02-489D-8964-B31C92809DE4}.Release|x86.Build.0 = Release|x86
		{38262643-FF6B-4D4F-95A4-92DC8DD23B38}.Debug|Any CPU.ActiveCfg = Debug|Any CPU
		{38262643-FF6B-4D4F-95A4-92DC8DD23B38}.Debug|Any CPU.Build.0 = Debug|Any CPU
		{38262643-FF6B-4D4F-95A4-92DC8DD23B38}.Debug|x64.ActiveCfg = Debug|x64
		{38262643-FF6B-4D4F-95A4-92DC8DD23B38}.Debug|x64.Build.0 = Debug|x64
		{38262643-FF6B-4D4F-95A4-92DC8DD23B38}.Debug|x86.ActiveCfg = Debug|x86
		{38262643-FF6B-4D4F-95A4-92DC8DD23B38}.Debug|x86.Build.0 = Debug|x86
		{38262643-FF6B-4D4F-95A4-92DC8DD23B38}.Release|Any CPU.ActiveCfg = Release|Any CPU
		{38262643-FF6B-4D4F-95A4-92DC8DD23B38}.Release|Any CPU.Build.0 = Release|Any CPU
		{38262643-FF6B-4D4F-95A4-92DC8DD23B38}.Release|x64.ActiveCfg = Release|x64
		{38262643-FF6B-4D4F-95A4-92DC8DD23B38}.Release|x64.Build.0 = Release|x64
		{38262643-FF6B-4D4F-95A4-92DC8DD23B38}.Release|x86.ActiveCfg = Release|x86
		{38262643-FF6B-4D4F-95A4-92DC8DD23B38}.Release|x86.Build.0 = Release|x86
		{17312819-2435-4F65-B1CA-38ADCFAD8B35}.Debug|Any CPU.ActiveCfg = Debug|Any CPU
		{17312819-2435-4F65-B1CA-38ADCFAD8B35}.Debug|Any CPU.Build.0 = Debug|Any CPU
		{17312819-2435-4F65-B1CA-38ADCFAD8B35}.Debug|x64.ActiveCfg = Debug|x64
		{17312819-2435-4F65-B1CA-38ADCFAD8B35}.Debug|x64.Build.0 = Debug|x64
		{17312819-2435-4F65-B1CA-38ADCFAD8B35}.Debug|x86.ActiveCfg = Debug|x86
		{17312819-2435-4F65-B1CA-38ADCFAD8B35}.Debug|x86.Build.0 = Debug|x86
		{17312819-2435-4F65-B1CA-38ADCFAD8B35}.Release|Any CPU.ActiveCfg = Release|Any CPU
		{17312819-2435-4F65-B1CA-38ADCFAD8B35}.Release|Any CPU.Build.0 = Release|Any CPU
		{17312819-2435-4F65-B1CA-38ADCFAD8B35}.Release|x64.ActiveCfg = Release|x64
		{17312819-2435-4F65-B1CA-38ADCFAD8B35}.Release|x64.Build.0 = Release|x64
		{17312819-2435-4F65-B1CA-38ADCFAD8B35}.Release|x86.ActiveCfg = Release|x86
		{17312819-2435-4F65-B1CA-38ADCFAD8B35}.Release|x86.Build.0 = Release|x86
		{693B7F7D-C959-4169-BD00-52CA5841786A}.Debug|Any CPU.ActiveCfg = Debug|Any CPU
		{693B7F7D-C959-4169-BD00-52CA5841786A}.Debug|Any CPU.Build.0 = Debug|Any CPU
		{693B7F7D-C959-4169-BD00-52CA5841786A}.Debug|x64.ActiveCfg = Debug|x64
		{693B7F7D-C959-4169-BD00-52CA5841786A}.Debug|x64.Build.0 = Debug|x64
		{693B7F7D-C959-4169-BD00-52CA5841786A}.Debug|x86.ActiveCfg = Debug|x86
		{693B7F7D-C959-4169-BD00-52CA5841786A}.Debug|x86.Build.0 = Debug|x86
		{693B7F7D-C959-4169-BD00-52CA5841786A}.Release|Any CPU.ActiveCfg = Release|Any CPU
		{693B7F7D-C959-4169-BD00-52CA5841786A}.Release|Any CPU.Build.0 = Release|Any CPU
		{693B7F7D-C959-4169-BD00-52CA5841786A}.Release|x64.ActiveCfg = Release|x64
		{693B7F7D-C959-4169-BD00-52CA5841786A}.Release|x64.Build.0 = Release|x64
		{693B7F7D-C959-4169-BD00-52CA5841786A}.Release|x86.ActiveCfg = Release|x86
		{693B7F7D-C959-4169-BD00-52CA5841786A}.Release|x86.Build.0 = Release|x86
		{CB2227BD-C325-49DC-A6BB-4C67011D0669}.Debug|Any CPU.ActiveCfg = Debug|Any CPU
		{CB2227BD-C325-49DC-A6BB-4C67011D0669}.Debug|Any CPU.Build.0 = Debug|Any CPU
		{CB2227BD-C325-49DC-A6BB-4C67011D0669}.Debug|x64.ActiveCfg = Debug|x64
		{CB2227BD-C325-49DC-A6BB-4C67011D0669}.Debug|x64.Build.0 = Debug|x64
		{CB2227BD-C325-49DC-A6BB-4C67011D0669}.Debug|x86.ActiveCfg = Debug|x86
		{CB2227BD-C325-49DC-A6BB-4C67011D0669}.Debug|x86.Build.0 = Debug|x86
		{CB2227BD-C325-49DC-A6BB-4C67011D0669}.Release|Any CPU.ActiveCfg = Release|Any CPU
		{CB2227BD-C325-49DC-A6BB-4C67011D0669}.Release|Any CPU.Build.0 = Release|Any CPU
		{CB2227BD-C325-49DC-A6BB-4C67011D0669}.Release|x64.ActiveCfg = Release|x64
		{CB2227BD-C325-49DC-A6BB-4C67011D0669}.Release|x64.Build.0 = Release|x64
		{CB2227BD-C325-49DC-A6BB-4C67011D0669}.Release|x86.ActiveCfg = Release|x86
		{CB2227BD-C325-49DC-A6BB-4C67011D0669}.Release|x86.Build.0 = Release|x86
		{24D737AF-9C68-4607-AF95-0844B751D4F1}.Debug|Any CPU.ActiveCfg = Debug|Any CPU
		{24D737AF-9C68-4607-AF95-0844B751D4F1}.Debug|Any CPU.Build.0 = Debug|Any CPU
		{24D737AF-9C68-4607-AF95-0844B751D4F1}.Debug|x64.ActiveCfg = Debug|x64
		{24D737AF-9C68-4607-AF95-0844B751D4F1}.Debug|x64.Build.0 = Debug|x64
		{24D737AF-9C68-4607-AF95-0844B751D4F1}.Debug|x86.ActiveCfg = Debug|x86
		{24D737AF-9C68-4607-AF95-0844B751D4F1}.Debug|x86.Build.0 = Debug|x86
		{24D737AF-9C68-4607-AF95-0844B751D4F1}.Release|Any CPU.ActiveCfg = Release|Any CPU
		{24D737AF-9C68-4607-AF95-0844B751D4F1}.Release|Any CPU.Build.0 = Release|Any CPU
		{24D737AF-9C68-4607-AF95-0844B751D4F1}.Release|x64.ActiveCfg = Release|x64
		{24D737AF-9C68-4607-AF95-0844B751D4F1}.Release|x64.Build.0 = Release|x64
		{24D737AF-9C68-4607-AF95-0844B751D4F1}.Release|x86.ActiveCfg = Release|x86
		{24D737AF-9C68-4607-AF95-0844B751D4F1}.Release|x86.Build.0 = Release|x86
		{ACDEFE4D-166A-424E-9F88-7307CD0E5A20}.Debug|Any CPU.ActiveCfg = Debug|Any CPU
		{ACDEFE4D-166A-424E-9F88-7307CD0E5A20}.Debug|Any CPU.Build.0 = Debug|Any CPU
		{ACDEFE4D-166A-424E-9F88-7307CD0E5A20}.Debug|x64.ActiveCfg = Debug|x64
		{ACDEFE4D-166A-424E-9F88-7307CD0E5A20}.Debug|x64.Build.0 = Debug|x64
		{ACDEFE4D-166A-424E-9F88-7307CD0E5A20}.Debug|x86.ActiveCfg = Debug|x86
		{ACDEFE4D-166A-424E-9F88-7307CD0E5A20}.Debug|x86.Build.0 = Debug|x86
		{ACDEFE4D-166A-424E-9F88-7307CD0E5A20}.Release|Any CPU.ActiveCfg = Release|Any CPU
		{ACDEFE4D-166A-424E-9F88-7307CD0E5A20}.Release|Any CPU.Build.0 = Release|Any CPU
		{ACDEFE4D-166A-424E-9F88-7307CD0E5A20}.Release|x64.ActiveCfg = Release|x64
		{ACDEFE4D-166A-424E-9F88-7307CD0E5A20}.Release|x64.Build.0 = Release|x64
		{ACDEFE4D-166A-424E-9F88-7307CD0E5A20}.Release|x86.ActiveCfg = Release|x86
		{ACDEFE4D-166A-424E-9F88-7307CD0E5A20}.Release|x86.Build.0 = Release|x86
		{10FC317A-6E95-417F-9FF1-8F340D97A1AC}.Debug|Any CPU.ActiveCfg = Debug|Any CPU
		{10FC317A-6E95-417F-9FF1-8F340D97A1AC}.Debug|Any CPU.Build.0 = Debug|Any CPU
		{10FC317A-6E95-417F-9FF1-8F340D97A1AC}.Debug|x64.ActiveCfg = Debug|x64
		{10FC317A-6E95-417F-9FF1-8F340D97A1AC}.Debug|x64.Build.0 = Debug|x64
		{10FC317A-6E95-417F-9FF1-8F340D97A1AC}.Debug|x86.ActiveCfg = Debug|x86
		{10FC317A-6E95-417F-9FF1-8F340D97A1AC}.Debug|x86.Build.0 = Debug|x86
		{10FC317A-6E95-417F-9FF1-8F340D97A1AC}.Release|Any CPU.ActiveCfg = Release|Any CPU
		{10FC317A-6E95-417F-9FF1-8F340D97A1AC}.Release|Any CPU.Build.0 = Release|Any CPU
		{10FC317A-6E95-417F-9FF1-8F340D97A1AC}.Release|x64.ActiveCfg = Release|x64
		{10FC317A-6E95-417F-9FF1-8F340D97A1AC}.Release|x64.Build.0 = Release|x64
		{10FC317A-6E95-417F-9FF1-8F340D97A1AC}.Release|x86.ActiveCfg = Release|x86
		{10FC317A-6E95-417F-9FF1-8F340D97A1AC}.Release|x86.Build.0 = Release|x86
		{440581F9-A6BE-4342-A8AC-25F692DBC840}.Debug|Any CPU.ActiveCfg = Debug|Any CPU
		{440581F9-A6BE-4342-A8AC-25F692DBC840}.Debug|Any CPU.Build.0 = Debug|Any CPU
		{440581F9-A6BE-4342-A8AC-25F692DBC840}.Debug|x64.ActiveCfg = Debug|x64
		{440581F9-A6BE-4342-A8AC-25F692DBC840}.Debug|x64.Build.0 = Debug|x64
		{440581F9-A6BE-4342-A8AC-25F692DBC840}.Debug|x86.ActiveCfg = Debug|x86
		{440581F9-A6BE-4342-A8AC-25F692DBC840}.Debug|x86.Build.0 = Debug|x86
		{440581F9-A6BE-4342-A8AC-25F692DBC840}.Release|Any CPU.ActiveCfg = Release|Any CPU
		{440581F9-A6BE-4342-A8AC-25F692DBC840}.Release|Any CPU.Build.0 = Release|Any CPU
		{440581F9-A6BE-4342-A8AC-25F692DBC840}.Release|x64.ActiveCfg = Release|x64
		{440581F9-A6BE-4342-A8AC-25F692DBC840}.Release|x64.Build.0 = Release|x64
		{440581F9-A6BE-4342-A8AC-25F692DBC840}.Release|x86.ActiveCfg = Release|x86
		{440581F9-A6BE-4342-A8AC-25F692DBC840}.Release|x86.Build.0 = Release|x86
		{B8B0F4D6-07A7-4B83-BA96-C9B1FB0A4340}.Debug|Any CPU.ActiveCfg = Debug|Any CPU
		{B8B0F4D6-07A7-4B83-BA96-C9B1FB0A4340}.Debug|Any CPU.Build.0 = Debug|Any CPU
		{B8B0F4D6-07A7-4B83-BA96-C9B1FB0A4340}.Debug|x64.ActiveCfg = Debug|x64
		{B8B0F4D6-07A7-4B83-BA96-C9B1FB0A4340}.Debug|x64.Build.0 = Debug|x64
		{B8B0F4D6-07A7-4B83-BA96-C9B1FB0A4340}.Debug|x86.ActiveCfg = Debug|x86
		{B8B0F4D6-07A7-4B83-BA96-C9B1FB0A4340}.Debug|x86.Build.0 = Debug|x86
		{B8B0F4D6-07A7-4B83-BA96-C9B1FB0A4340}.Release|Any CPU.ActiveCfg = Release|Any CPU
		{B8B0F4D6-07A7-4B83-BA96-C9B1FB0A4340}.Release|Any CPU.Build.0 = Release|Any CPU
		{B8B0F4D6-07A7-4B83-BA96-C9B1FB0A4340}.Release|x64.ActiveCfg = Release|x64
		{B8B0F4D6-07A7-4B83-BA96-C9B1FB0A4340}.Release|x64.Build.0 = Release|x64
		{B8B0F4D6-07A7-4B83-BA96-C9B1FB0A4340}.Release|x86.ActiveCfg = Release|x86
		{B8B0F4D6-07A7-4B83-BA96-C9B1FB0A4340}.Release|x86.Build.0 = Release|x86
		{DE9B01A9-4D15-4227-A879-79CCC84AFD44}.Debug|Any CPU.ActiveCfg = Debug|Any CPU
		{DE9B01A9-4D15-4227-A879-79CCC84AFD44}.Debug|Any CPU.Build.0 = Debug|Any CPU
		{DE9B01A9-4D15-4227-A879-79CCC84AFD44}.Debug|x64.ActiveCfg = Debug|x64
		{DE9B01A9-4D15-4227-A879-79CCC84AFD44}.Debug|x64.Build.0 = Debug|x64
		{DE9B01A9-4D15-4227-A879-79CCC84AFD44}.Debug|x86.ActiveCfg = Debug|x86
		{DE9B01A9-4D15-4227-A879-79CCC84AFD44}.Debug|x86.Build.0 = Debug|x86
		{DE9B01A9-4D15-4227-A879-79CCC84AFD44}.Release|Any CPU.ActiveCfg = Release|Any CPU
		{DE9B01A9-4D15-4227-A879-79CCC84AFD44}.Release|Any CPU.Build.0 = Release|Any CPU
		{DE9B01A9-4D15-4227-A879-79CCC84AFD44}.Release|x64.ActiveCfg = Release|x64
		{DE9B01A9-4D15-4227-A879-79CCC84AFD44}.Release|x64.Build.0 = Release|x64
		{DE9B01A9-4D15-4227-A879-79CCC84AFD44}.Release|x86.ActiveCfg = Release|x86
		{DE9B01A9-4D15-4227-A879-79CCC84AFD44}.Release|x86.Build.0 = Release|x86
		{BB474F00-F924-4B8E-9EED-D3A4C5CCB990}.Debug|Any CPU.ActiveCfg = Debug|Any CPU
		{BB474F00-F924-4B8E-9EED-D3A4C5CCB990}.Debug|Any CPU.Build.0 = Debug|Any CPU
		{BB474F00-F924-4B8E-9EED-D3A4C5CCB990}.Debug|x64.ActiveCfg = Debug|x64
		{BB474F00-F924-4B8E-9EED-D3A4C5CCB990}.Debug|x64.Build.0 = Debug|x64
		{BB474F00-F924-4B8E-9EED-D3A4C5CCB990}.Debug|x86.ActiveCfg = Debug|x86
		{BB474F00-F924-4B8E-9EED-D3A4C5CCB990}.Debug|x86.Build.0 = Debug|x86
		{BB474F00-F924-4B8E-9EED-D3A4C5CCB990}.Release|Any CPU.ActiveCfg = Release|Any CPU
		{BB474F00-F924-4B8E-9EED-D3A4C5CCB990}.Release|Any CPU.Build.0 = Release|Any CPU
		{BB474F00-F924-4B8E-9EED-D3A4C5CCB990}.Release|x64.ActiveCfg = Release|x64
		{BB474F00-F924-4B8E-9EED-D3A4C5CCB990}.Release|x64.Build.0 = Release|x64
		{BB474F00-F924-4B8E-9EED-D3A4C5CCB990}.Release|x86.ActiveCfg = Release|x86
		{BB474F00-F924-4B8E-9EED-D3A4C5CCB990}.Release|x86.Build.0 = Release|x86
		{A91FCDED-A3F6-4038-A2A1-E25CBE28A60C}.Debug|Any CPU.ActiveCfg = Debug|Any CPU
		{A91FCDED-A3F6-4038-A2A1-E25CBE28A60C}.Debug|Any CPU.Build.0 = Debug|Any CPU
		{A91FCDED-A3F6-4038-A2A1-E25CBE28A60C}.Debug|x64.ActiveCfg = Debug|x64
		{A91FCDED-A3F6-4038-A2A1-E25CBE28A60C}.Debug|x64.Build.0 = Debug|x64
		{A91FCDED-A3F6-4038-A2A1-E25CBE28A60C}.Debug|x86.ActiveCfg = Debug|x86
		{A91FCDED-A3F6-4038-A2A1-E25CBE28A60C}.Debug|x86.Build.0 = Debug|x86
		{A91FCDED-A3F6-4038-A2A1-E25CBE28A60C}.Release|Any CPU.ActiveCfg = Release|Any CPU
		{A91FCDED-A3F6-4038-A2A1-E25CBE28A60C}.Release|Any CPU.Build.0 = Release|Any CPU
		{A91FCDED-A3F6-4038-A2A1-E25CBE28A60C}.Release|x64.ActiveCfg = Release|x64
		{A91FCDED-A3F6-4038-A2A1-E25CBE28A60C}.Release|x64.Build.0 = Release|x64
		{A91FCDED-A3F6-4038-A2A1-E25CBE28A60C}.Release|x86.ActiveCfg = Release|x86
		{A91FCDED-A3F6-4038-A2A1-E25CBE28A60C}.Release|x86.Build.0 = Release|x86
		{40ED7335-AA58-4D71-AB29-68E03B9BB677}.Debug|Any CPU.ActiveCfg = Debug|Any CPU
		{40ED7335-AA58-4D71-AB29-68E03B9BB677}.Debug|Any CPU.Build.0 = Debug|Any CPU
		{40ED7335-AA58-4D71-AB29-68E03B9BB677}.Debug|x64.ActiveCfg = Debug|x64
		{40ED7335-AA58-4D71-AB29-68E03B9BB677}.Debug|x64.Build.0 = Debug|x64
		{40ED7335-AA58-4D71-AB29-68E03B9BB677}.Debug|x86.ActiveCfg = Debug|x86
		{40ED7335-AA58-4D71-AB29-68E03B9BB677}.Debug|x86.Build.0 = Debug|x86
		{40ED7335-AA58-4D71-AB29-68E03B9BB677}.Release|Any CPU.ActiveCfg = Release|Any CPU
		{40ED7335-AA58-4D71-AB29-68E03B9BB677}.Release|Any CPU.Build.0 = Release|Any CPU
		{40ED7335-AA58-4D71-AB29-68E03B9BB677}.Release|x64.ActiveCfg = Release|x64
		{40ED7335-AA58-4D71-AB29-68E03B9BB677}.Release|x64.Build.0 = Release|x64
		{40ED7335-AA58-4D71-AB29-68E03B9BB677}.Release|x86.ActiveCfg = Release|x86
		{40ED7335-AA58-4D71-AB29-68E03B9BB677}.Release|x86.Build.0 = Release|x86
		{214528A8-7CB9-47B7-A65E-54CD4BD4DCCD}.Debug|Any CPU.ActiveCfg = Debug|Any CPU
		{214528A8-7CB9-47B7-A65E-54CD4BD4DCCD}.Debug|Any CPU.Build.0 = Debug|Any CPU
		{214528A8-7CB9-47B7-A65E-54CD4BD4DCCD}.Debug|x64.ActiveCfg = Debug|x64
		{214528A8-7CB9-47B7-A65E-54CD4BD4DCCD}.Debug|x64.Build.0 = Debug|x64
		{214528A8-7CB9-47B7-A65E-54CD4BD4DCCD}.Debug|x86.ActiveCfg = Debug|x86
		{214528A8-7CB9-47B7-A65E-54CD4BD4DCCD}.Debug|x86.Build.0 = Debug|x86
		{214528A8-7CB9-47B7-A65E-54CD4BD4DCCD}.Release|Any CPU.ActiveCfg = Release|Any CPU
		{214528A8-7CB9-47B7-A65E-54CD4BD4DCCD}.Release|Any CPU.Build.0 = Release|Any CPU
		{214528A8-7CB9-47B7-A65E-54CD4BD4DCCD}.Release|x64.ActiveCfg = Release|x64
		{214528A8-7CB9-47B7-A65E-54CD4BD4DCCD}.Release|x64.Build.0 = Release|x64
		{214528A8-7CB9-47B7-A65E-54CD4BD4DCCD}.Release|x86.ActiveCfg = Release|x86
		{214528A8-7CB9-47B7-A65E-54CD4BD4DCCD}.Release|x86.Build.0 = Release|x86
		{7E1965F5-AD44-48C0-A62D-CBB8515D7895}.Debug|Any CPU.ActiveCfg = Debug|Any CPU
		{7E1965F5-AD44-48C0-A62D-CBB8515D7895}.Debug|Any CPU.Build.0 = Debug|Any CPU
		{7E1965F5-AD44-48C0-A62D-CBB8515D7895}.Debug|x64.ActiveCfg = Debug|x64
		{7E1965F5-AD44-48C0-A62D-CBB8515D7895}.Debug|x64.Build.0 = Debug|x64
		{7E1965F5-AD44-48C0-A62D-CBB8515D7895}.Debug|x86.ActiveCfg = Debug|x86
		{7E1965F5-AD44-48C0-A62D-CBB8515D7895}.Debug|x86.Build.0 = Debug|x86
		{7E1965F5-AD44-48C0-A62D-CBB8515D7895}.Release|Any CPU.ActiveCfg = Release|Any CPU
		{7E1965F5-AD44-48C0-A62D-CBB8515D7895}.Release|Any CPU.Build.0 = Release|Any CPU
		{7E1965F5-AD44-48C0-A62D-CBB8515D7895}.Release|x64.ActiveCfg = Release|x64
		{7E1965F5-AD44-48C0-A62D-CBB8515D7895}.Release|x64.Build.0 = Release|x64
		{7E1965F5-AD44-48C0-A62D-CBB8515D7895}.Release|x86.ActiveCfg = Release|x86
		{7E1965F5-AD44-48C0-A62D-CBB8515D7895}.Release|x86.Build.0 = Release|x86
	EndGlobalSection
EndGlobal
